Microsoft Visual Studio Solution File, Format Version 12.00
# Visual Studio Version 17
VisualStudioVersion = 17.5.2.0
MinimumVisualStudioVersion = 10.0.40219.1
Project("{FAE04EC0-301F-11D3-BF4B-00C04F79EFBC}") = "ChatRoom", "ChatRoom\ChatRoom.csproj", "{4A896704-F86C-0339-567C-9408D7C56FB6}"
EndProject
Global
	GlobalSection(SolutionConfigurationPlatforms) = preSolution
		Debug|Any CPU = Debug|Any CPU
		Release|Any CPU = Release|Any CPU
	EndGlobalSection
	GlobalSection(ProjectConfigurationPlatforms) = postSolution
		{4A896704-F86C-0339-567C-9408D7C56FB6}.Debug|Any CPU.ActiveCfg = Debug|Any CPU
		{4A896704-F86C-0339-567C-9408D7C56FB6}.Debug|Any CPU.Build.0 = Debug|Any CPU
		{4A896704-F86C-0339-567C-9408D7C56FB6}.Release|Any CPU.ActiveCfg = Release|Any CPU
		{4A896704-F86C-0339-567C-9408D7C56FB6}.Release|Any CPU.Build.0 = Release|Any CPU
	EndGlobalSection
	GlobalSection(SolutionProperties) = preSolution
		HideSolutionNode = FALSE
	EndGlobalSection
	GlobalSection(ExtensibilityGlobals) = postSolution
		SolutionGuid = {F66EC718-FBB0-4776-AC88-0CFAF9725673}
	EndGlobalSection
EndGlobal
